
Microsoft Visual Studio Solution File, Format Version 12.00
# Visual Studio 2012
Project("{FAE04EC0-301F-11D3-BF4B-00C04F79EFBC}") = "SKB.UploadExtension", "SKB.UploadEngine\SKB.UploadExtension.csproj", "{265D6221-0E5E-4226-8067-1F97BA024A38}"
EndProject
Global
	GlobalSection(SolutionConfigurationPlatforms) = preSolution
		Debug|Any CPU = Debug|Any CPU
		Release|Any CPU = Release|Any CPU
	EndGlobalSection
	GlobalSection(ProjectConfigurationPlatforms) = postSolution
		{265D6221-0E5E-4226-8067-1F97BA024A38}.Debug|Any CPU.ActiveCfg = Debug|Any CPU
		{265D6221-0E5E-4226-8067-1F97BA024A38}.Debug|Any CPU.Build.0 = Debug|Any CPU
		{265D6221-0E5E-4226-8067-1F97BA024A38}.Release|Any CPU.ActiveCfg = Release|Any CPU
		{265D6221-0E5E-4226-8067-1F97BA024A38}.Release|Any CPU.Build.0 = Release|Any CPU
	EndGlobalSection
	GlobalSection(SolutionProperties) = preSolution
		HideSolutionNode = FALSE
	EndGlobalSection
EndGlobal
